
Microsoft Visual Studio Solution File, Format Version 12.00
# Visual Studio 15
VisualStudioVersion = 15.0.27130.2027
MinimumVisualStudioVersion = 10.0.40219.1
Project("{FAE04EC0-301F-11D3-BF4B-00C04F79EFBC}") = "20180228_1.6_Homework", "20180228_1.6_Homework\20180228_1.6_Homework.csproj", "{739F4CDC-80BC-4D89-8C64-7D258D762ACA}"
EndProject
Global
	GlobalSection(SolutionConfigurationPlatforms) = preSolution
		Debug|Any CPU = Debug|Any CPU
		Release|Any CPU = Release|Any CPU
	EndGlobalSection
	GlobalSection(ProjectConfigurationPlatforms) = postSolution
		{739F4CDC-80BC-4D89-8C64-7D258D762ACA}.Debug|Any CPU.ActiveCfg = Debug|Any CPU
		{739F4CDC-80BC-4D89-8C64-7D258D762ACA}.Debug|Any CPU.Build.0 = Debug|Any CPU
		{739F4CDC-80BC-4D89-8C64-7D258D762ACA}.Release|Any CPU.ActiveCfg = Release|Any CPU
		{739F4CDC-80BC-4D89-8C64-7D258D762ACA}.Release|Any CPU.Build.0 = Release|Any CPU
	EndGlobalSection
	GlobalSection(SolutionProperties) = preSolution
		HideSolutionNode = FALSE
	EndGlobalSection
	GlobalSection(ExtensibilityGlobals) = postSolution
		SolutionGuid = {091146BB-6681-4CB5-9FA8-45622C58498F}
	EndGlobalSection
EndGlobal
